
Microsoft Visual Studio Solution File, Format Version 12.00
# Visual Studio Version 16
VisualStudioVersion = 16.0.31112.23
MinimumVisualStudioVersion = 10.0.40219.1
Project("{FAE04EC0-301F-11D3-BF4B-00C04F79EFBC}") = "NAIKE", "NAIKE\NAIKE.csproj", "{8A03580A-4C1F-41AD-9853-6328B6C8B793}"
EndProject
Global
	GlobalSection(SolutionConfigurationPlatforms) = preSolution
		Debug|Any CPU = Debug|Any CPU
		Release|Any CPU = Release|Any CPU
	EndGlobalSection
	GlobalSection(ProjectConfigurationPlatforms) = postSolution
		{8A03580A-4C1F-41AD-9853-6328B6C8B793}.Debug|Any CPU.ActiveCfg = Debug|Any CPU
		{8A03580A-4C1F-41AD-9853-6328B6C8B793}.Debug|Any CPU.Build.0 = Debug|Any CPU
		{8A03580A-4C1F-41AD-9853-6328B6C8B793}.Release|Any CPU.ActiveCfg = Release|Any CPU
		{8A03580A-4C1F-41AD-9853-6328B6C8B793}.Release|Any CPU.Build.0 = Release|Any CPU
	EndGlobalSection
	GlobalSection(SolutionProperties) = preSolution
		HideSolutionNode = FALSE
	EndGlobalSection
	GlobalSection(ExtensibilityGlobals) = postSolution
		SolutionGuid = {1C111BCB-D8BB-4ADF-BBAB-28417B2C7EFB}
	EndGlobalSection
EndGlobal
